{
  "dependencies": {
    "binary-search": {
      "version": "1.2.0",
      "resolved": "https://registry.npmjs.org/binary-search/-/binary-search-1.2.0.tgz",
      "from": "binary-search@1.2.0"
    },
    "byline": {
      "version": "4.2.1",
      "resolved": "https://registry.npmjs.org/byline/-/byline-4.2.1.tgz",
      "from": "byline@4.2.1"
    },
    "docker-run": {
      "version": "2.4.0",
      "resolved": "https://registry.npmjs.org/docker-run/-/docker-run-2.4.0.tgz",
      "from": "docker-run@2.4.0",
      "dependencies": {
        "debug": {
          "version": "1.0.4",
          "resolved": "https://registry.npmjs.org/debug/-/debug-1.0.4.tgz",
          "from": "debug@1.0.4",
          "dependencies": {
            "ms": {
              "version": "0.6.2",
              "resolved": "https://registry.npmjs.org/ms/-/ms-0.6.2.tgz",
              "from": "ms@0.6.2"
            }
          }
        },
        "docker-raw-stream": {
          "version": "1.3.1",
          "resolved": "https://registry.npmjs.org/docker-raw-stream/-/docker-raw-stream-1.3.1.tgz",
          "from": "docker-raw-stream@1.3.1",
          "dependencies": {
            "through2": {
              "version": "0.5.1",
              "resolved": "https://registry.npmjs.org/through2/-/through2-0.5.1.tgz",
              "from": "through2@0.5.1",
              "dependencies": {
                "readable-stream": {
                  "version": "1.0.34",
                  "resolved": "https://registry.npmjs.org/readable-stream/-/readable-stream-1.0.34.tgz",
                  "from": "readable-stream@1.0.34",
                  "dependencies": {
                    "core-util-is": {
                      "version": "1.0.2",
                      "resolved": "https://registry.npmjs.org/core-util-is/-/core-util-is-1.0.2.tgz",
                      "from": "core-util-is@1.0.2"
                    },
                    "inherits": {
                      "version": "2.0.1",
                      "resolved": "https://registry.npmjs.org/inherits/-/inherits-2.0.1.tgz",
                      "from": "inherits@2.0.1"
                    },
                    "isarray": {
                      "version": "0.0.1",
                      "resolved": "https://registry.npmjs.org/isarray/-/isarray-0.0.1.tgz",
                      "from": "isarray@0.0.1"
                    },
                    "string_decoder": {
                      "version": "0.10.31",
                      "resolved": "https://registry.npmjs.org/string_decoder/-/string_decoder-0.10.31.tgz",
                      "from": "string_decoder@0.10.31"
                    }
                  }
                },
                "xtend": {
                  "version": "3.0.0",
                  "resolved": "https://registry.npmjs.org/xtend/-/xtend-3.0.0.tgz",
                  "from": "xtend@3.0.0"
                }
              }
            }
          }
        },
        "docker-remote-api": {
          "version": "4.4.1",
          "resolved": "https://registry.npmjs.org/docker-remote-api/-/docker-remote-api-4.4.1.tgz",
          "from": "docker-remote-api@4.4.1",
          "dependencies": {
            "concat-stream": {
              "version": "1.5.1",
              "resolved": "https://registry.npmjs.org/concat-stream/-/concat-stream-1.5.1.tgz",
              "from": "concat-stream@1.5.1",
              "dependencies": {
                "inherits": {
                  "version": "2.0.1",
                  "resolved": "https://registry.npmjs.org/inherits/-/inherits-2.0.1.tgz",
                  "from": "inherits@2.0.1"
                },
                "readable-stream": {
                  "version": "2.0.6",
                  "resolved": "https://registry.npmjs.org/readable-stream/-/readable-stream-2.0.6.tgz",
                  "from": "readable-stream@2.0.6",
                  "dependencies": {
                    "core-util-is": {
                      "version": "1.0.2",
                      "resolved": "https://registry.npmjs.org/core-util-is/-/core-util-is-1.0.2.tgz",
                      "from": "core-util-is@1.0.2"
                    },
                    "isarray": {
                      "version": "1.0.0",
                      "resolved": "https://registry.npmjs.org/isarray/-/isarray-1.0.0.tgz",
                      "from": "isarray@1.0.0"
                    },
                    "process-nextick-args": {
                      "version": "1.0.6",
                      "resolved": "https://registry.npmjs.org/process-nextick-args/-/process-nextick-args-1.0.6.tgz",
                      "from": "process-nextick-args@1.0.6"
                    },
                    "string_decoder": {
                      "version": "0.10.31",
                      "resolved": "https://registry.npmjs.org/string_decoder/-/string_decoder-0.10.31.tgz",
                      "from": "string_decoder@0.10.31"
                    },
                    "util-deprecate": {
                      "version": "1.0.2",
                      "resolved": "https://registry.npmjs.org/util-deprecate/-/util-deprecate-1.0.2.tgz",
                      "from": "util-deprecate@1.0.2"
                    }
                  }
                },
                "typedarray": {
                  "version": "0.0.6",
                  "resolved": "https://registry.npmjs.org/typedarray/-/typedarray-0.0.6.tgz",
                  "from": "typedarray@0.0.6"
                }
              }
            },
            "docker-host": {
              "version": "3.1.0",
              "resolved": "https://registry.npmjs.org/docker-host/-/docker-host-3.1.0.tgz",
              "from": "docker-host@3.1.0"
            },
            "once": {
              "version": "1.3.3",
              "resolved": "https://registry.npmjs.org/once/-/once-1.3.3.tgz",
              "from": "once@1.3.3",
              "dependencies": {
                "wrappy": {
                  "version": "1.0.1",
                  "resolved": "https://registry.npmjs.org/wrappy/-/wrappy-1.0.1.tgz",
                  "from": "wrappy@1.0.1"
                }
              }
            },
            "xtend": {
              "version": "3.0.0",
              "resolved": "https://registry.npmjs.org/xtend/-/xtend-3.0.0.tgz",
              "from": "xtend@3.0.0"
            }
          }
        },
        "minimist": {
          "version": "1.2.0",
          "resolved": "https://registry.npmjs.org/minimist/-/minimist-1.2.0.tgz",
          "from": "minimist@1.2.0"
        },
        "pump": {
          "version": "1.0.1",
          "resolved": "https://registry.npmjs.org/pump/-/pump-1.0.1.tgz",
          "from": "pump@1.0.1",
          "dependencies": {
            "end-of-stream": {
              "version": "1.1.0",
              "resolved": "https://registry.npmjs.org/end-of-stream/-/end-of-stream-1.1.0.tgz",
              "from": "end-of-stream@1.1.0"
            },
            "once": {
              "version": "1.3.3",
              "resolved": "https://registry.npmjs.org/once/-/once-1.3.3.tgz",
              "from": "once@1.3.3",
              "dependencies": {
                "wrappy": {
                  "version": "1.0.1",
                  "resolved": "https://registry.npmjs.org/wrappy/-/wrappy-1.0.1.tgz",
                  "from": "wrappy@1.0.1"
                }
              }
            }
          }
        },
        "through2": {
          "version": "0.6.5",
          "resolved": "https://registry.npmjs.org/through2/-/through2-0.6.5.tgz",
          "from": "through2@0.6.5",
          "dependencies": {
            "readable-stream": {
              "version": "1.0.34",
              "resolved": "https://registry.npmjs.org/readable-stream/-/readable-stream-1.0.34.tgz",
              "from": "readable-stream@1.0.34",
              "dependencies": {
                "core-util-is": {
                  "version": "1.0.2",
                  "resolved": "https://registry.npmjs.org/core-util-is/-/core-util-is-1.0.2.tgz",
                  "from": "core-util-is@1.0.2"
                },
                "inherits": {
                  "version": "2.0.1",
                  "resolved": "https://registry.npmjs.org/inherits/-/inherits-2.0.1.tgz",
                  "from": "inherits@2.0.1"
                },
                "isarray": {
                  "version": "0.0.1",
                  "resolved": "https://registry.npmjs.org/isarray/-/isarray-0.0.1.tgz",
                  "from": "isarray@0.0.1"
                },
                "string_decoder": {
                  "version": "0.10.31",
                  "resolved": "https://registry.npmjs.org/string_decoder/-/string_decoder-0.10.31.tgz",
                  "from": "string_decoder@0.10.31"
                }
              }
            },
            "xtend": {
              "version": "4.0.1",
              "resolved": "https://registry.npmjs.org/xtend/-/xtend-4.0.1.tgz",
              "from": "xtend@4.0.1"
            }
          }
        }
      }
    },
    "graceful-readlink": {
      "version": "1.0.1",
      "resolved": "https://registry.npmjs.org/graceful-readlink/-/graceful-readlink-1.0.1.tgz",
      "from": "graceful-readlink@>= 1.0.0"
    },
    "mime": {
      "version": "1.2.11",
      "resolved": "https://registry.npmjs.org/mime/-/mime-1.2.11.tgz",
      "from": "mime@1.2.11"
    },
    "mysql": {
      "version": "2.11.1",
      "resolved": "https://registry.npmjs.org/mysql/-/mysql-2.11.1.tgz",
      "from": "mysql@2.11.1",
      "dependencies": {
        "bignumber.js": {
          "version": "2.3.0",
          "resolved": "https://registry.npmjs.org/bignumber.js/-/bignumber.js-2.3.0.tgz",
          "from": "bignumber.js@2.3.0"
        },
        "readable-stream": {
          "version": "1.1.14",
          "resolved": "https://registry.npmjs.org/readable-stream/-/readable-stream-1.1.14.tgz",
          "from": "readable-stream@1.1.14",
          "dependencies": {
            "core-util-is": {
              "version": "1.0.2",
              "resolved": "https://registry.npmjs.org/core-util-is/-/core-util-is-1.0.2.tgz",
              "from": "core-util-is@1.0.2"
            },
            "inherits": {
              "version": "2.0.1",
              "resolved": "https://registry.npmjs.org/inherits/-/inherits-2.0.1.tgz",
              "from": "inherits@2.0.1"
            },
            "isarray": {
              "version": "0.0.1",
              "resolved": "https://registry.npmjs.org/isarray/-/isarray-0.0.1.tgz",
              "from": "isarray@0.0.1"
            },
            "string_decoder": {
              "version": "0.10.31",
              "resolved": "https://registry.npmjs.org/string_decoder/-/string_decoder-0.10.31.tgz",
              "from": "string_decoder@0.10.31"
            }
          }
        },
        "sqlstring": {
          "version": "2.0.1",
          "resolved": "https://registry.npmjs.org/sqlstring/-/sqlstring-2.0.1.tgz",
          "from": "sqlstring@2.0.1"
        }
      }
    },
    "q": {
      "version": "1.4.1",
      "resolved": "https://registry.npmjs.org/q/-/q-1.4.1.tgz",
      "from": "q@1.4.1"
    },
    "temp": {
      "version": "0.8.1",
      "resolved": "https://registry.npmjs.org/temp/-/temp-0.8.1.tgz",
      "from": "temp@0.8.1",
      "dependencies": {
        "rimraf": {
          "version": "2.2.8",
          "resolved": "https://registry.npmjs.org/rimraf/-/rimraf-2.2.8.tgz",
          "from": "rimraf@2.2.8"
        }
      }
    },
    "xlsx": {
      "version": "0.8.0",
      "resolved": "https://registry.npmjs.org/xlsx/-/xlsx-0.8.0.tgz",
      "from": "xlsx@0.8.0",
      "dependencies": {
        "adler-32": {
          "version": "0.2.1",
          "resolved": "https://registry.npmjs.org/adler-32/-/adler-32-0.2.1.tgz",
          "from": "adler-32@0.2.1"
        },
        "cfb": {
          "version": "0.10.3",
          "resolved": "https://registry.npmjs.org/cfb/-/cfb-0.10.3.tgz",
          "from": "cfb@0.10.3",
          "dependencies": {
            "commander": {
              "version": "2.9.0",
              "resolved": "https://registry.npmjs.org/commander/-/commander-2.9.0.tgz",
              "from": "commander@"
            }
          }
        },
        "codepage": {
          "version": "1.3.8",
          "resolved": "https://registry.npmjs.org/codepage/-/codepage-1.3.8.tgz",
          "from": "codepage@1.3.8",
          "dependencies": {
            "commander": {
              "version": "2.9.0",
              "resolved": "https://registry.npmjs.org/commander/-/commander-2.9.0.tgz",
              "from": "commander@"
            },
            "concat-stream": {
              "version": "1.5.1",
              "resolved": "https://registry.npmjs.org/concat-stream/-/concat-stream-1.5.1.tgz",
              "from": "concat-stream@1.5.1",
              "dependencies": {
                "inherits": {
                  "version": "2.0.1",
                  "resolved": "https://registry.npmjs.org/inherits/-/inherits-2.0.1.tgz",
                  "from": "inherits@2.0.1"
                },
                "readable-stream": {
                  "version": "2.0.2",
                  "resolved": "https://registry.npmjs.org/readable-stream/-/readable-stream-2.0.2.tgz",
                  "from": "readable-stream@2.0.2",
                  "dependencies": {
                    "core-util-is": {
                      "version": "1.0.1",
                      "resolved": "https://registry.npmjs.org/core-util-is/-/core-util-is-1.0.1.tgz",
                      "from": "core-util-is@1.0.1"
                    },
                    "isarray": {
                      "version": "0.0.1",
                      "resolved": "https://registry.npmjs.org/isarray/-/isarray-0.0.1.tgz",
                      "from": "isarray@0.0.1"
                    },
                    "process-nextick-args": {
                      "version": "1.0.3",
                      "resolved": "https://registry.npmjs.org/process-nextick-args/-/process-nextick-args-1.0.3.tgz",
                      "from": "process-nextick-args@1.0.3"
                    },
                    "string_decoder": {
                      "version": "0.10.31",
                      "resolved": "https://registry.npmjs.org/string_decoder/-/string_decoder-0.10.31.tgz",
                      "from": "string_decoder@0.10.31"
                    },
                    "util-deprecate": {
                      "version": "1.0.2",
                      "resolved": "https://registry.npmjs.org/util-deprecate/-/util-deprecate-1.0.2.tgz",
                      "from": "util-deprecate@1.0.2"
                    }
                  }
                },
                "typedarray": {
                  "version": "0.0.6",
                  "resolved": "https://registry.npmjs.org/typedarray/-/typedarray-0.0.6.tgz",
                  "from": "typedarray@0.0.6"
                }
              }
            },
            "voc": {
              "version": "0.5.0",
              "resolved": "https://registry.npmjs.org/voc/-/voc-0.5.0.tgz",
              "from": "voc@0.5.0"
            }
          }
        },
        "commander": {
          "version": "2.9.0",
          "resolved": "https://registry.npmjs.org/commander/-/commander-2.9.0.tgz",
          "from": "commander@2.9.0",
          "dependencies": {
            "graceful-readlink": {
              "version": "1.0.1",
              "resolved": "https://registry.npmjs.org/graceful-readlink/-/graceful-readlink-1.0.1.tgz",
              "from": "graceful-readlink@1.0.1"
            }
          }
        },
        "crc-32": {
          "version": "0.3.0",
          "resolved": "https://registry.npmjs.org/crc-32/-/crc-32-0.3.0.tgz",
          "from": "crc-32@0.3.0"
        },
        "jszip": {
          "version": "2.4.0",
          "resolved": "https://registry.npmjs.org/jszip/-/jszip-2.4.0.tgz",
          "from": "jszip@2.4.0",
          "dependencies": {
            "pako": {
              "version": "0.2.8",
              "resolved": "https://registry.npmjs.org/pako/-/pako-0.2.8.tgz",
              "from": "pako@0.2.8"
            }
          }
        },
        "ssf": {
          "version": "0.8.2",
          "resolved": "https://registry.npmjs.org/ssf/-/ssf-0.8.2.tgz",
          "from": "ssf@0.8.2",
          "dependencies": {
            "colors": {
              "version": "0.6.2",
              "resolved": "https://registry.npmjs.org/colors/-/colors-0.6.2.tgz",
              "from": "colors@0.6.2"
            },
            "frac": {
              "version": "0.3.1",
              "resolved": "https://registry.npmjs.org/frac/-/frac-0.3.1.tgz",
              "from": "frac@0.3.1"
            },
            "voc": {
              "version": "0.5.0",
              "resolved": "https://registry.npmjs.org/voc/-/voc-0.5.0.tgz",
              "from": "voc@0.5.0"
            }
          }
        }
      }
    }
  }
}
